
Microsoft Visual Studio Solution File, Format Version 12.00
# Visual Studio 15
VisualStudioVersion = 15.0.26124.0
MinimumVisualStudioVersion = 15.0.26124.0
Project("{2150E333-8FDC-42A3-9474-1A3956D46DE8}") = "src", "src", "{06666BC3-8EF8-4BAE-8018-828C0B94818D}"
EndProject
Project("{FAE04EC0-301F-11D3-BF4B-00C04F79EFBC}") = "AlmaIt.dotnet.Heroes.Client", "src\AlmaIt.dotnet.Heroes.Client\AlmaIt.dotnet.Heroes.Client.csproj", "{202979B7-177E-4596-9337-0382E0775234}"
EndProject
Project("{FAE04EC0-301F-11D3-BF4B-00C04F79EFBC}") = "AlmaIt.Dotnet.Heroes.Server", "src\AlmaIt.Dotnet.Heroes.Server\AlmaIt.Dotnet.Heroes.Server.csproj", "{95B07D12-5EB0-4EB1-A902-0DBDC152129D}"
EndProject
Project("{FAE04EC0-301F-11D3-BF4B-00C04F79EFBC}") = "AlmaIt.dotnet.Heroes.Shared", "src\AlmaIt.dotnet.Heroes.Shared\AlmaIt.dotnet.Heroes.Shared.csproj", "{3256C815-5812-43CC-AA39-F16C5232EDDE}"
EndProject
Global
	GlobalSection(SolutionConfigurationPlatforms) = preSolution
		Debug|Any CPU = Debug|Any CPU
		Debug|x64 = Debug|x64
		Debug|x86 = Debug|x86
		Release|Any CPU = Release|Any CPU
		Release|x64 = Release|x64
		Release|x86 = Release|x86
	EndGlobalSection
	GlobalSection(SolutionProperties) = preSolution
		HideSolutionNode = FALSE
	EndGlobalSection
	GlobalSection(ProjectConfigurationPlatforms) = postSolution
		{202979B7-177E-4596-9337-0382E0775234}.Debug|Any CPU.ActiveCfg = Debug|Any CPU
		{202979B7-177E-4596-9337-0382E0775234}.Debug|Any CPU.Build.0 = Debug|Any CPU
		{202979B7-177E-4596-9337-0382E0775234}.Debug|x64.ActiveCfg = Debug|Any CPU
		{202979B7-177E-4596-9337-0382E0775234}.Debug|x64.Build.0 = Debug|Any CPU
		{202979B7-177E-4596-9337-0382E0775234}.Debug|x86.ActiveCfg = Debug|Any CPU
		{202979B7-177E-4596-9337-0382E0775234}.Debug|x86.Build.0 = Debug|Any CPU
		{202979B7-177E-4596-9337-0382E0775234}.Release|Any CPU.ActiveCfg = Release|Any CPU
		{202979B7-177E-4596-9337-0382E0775234}.Release|Any CPU.Build.0 = Release|Any CPU
		{202979B7-177E-4596-9337-0382E0775234}.Release|x64.ActiveCfg = Release|Any CPU
		{202979B7-177E-4596-9337-0382E0775234}.Release|x64.Build.0 = Release|Any CPU
		{202979B7-177E-4596-9337-0382E0775234}.Release|x86.ActiveCfg = Release|Any CPU
		{202979B7-177E-4596-9337-0382E0775234}.Release|x86.Build.0 = Release|Any CPU
		{95B07D12-5EB0-4EB1-A902-0DBDC152129D}.Debug|Any CPU.ActiveCfg = Debug|Any CPU
		{95B07D12-5EB0-4EB1-A902-0DBDC152129D}.Debug|Any CPU.Build.0 = Debug|Any CPU
		{95B07D12-5EB0-4EB1-A902-0DBDC152129D}.Debug|x64.ActiveCfg = Debug|Any CPU
		{95B07D12-5EB0-4EB1-A902-0DBDC152129D}.Debug|x64.Build.0 = Debug|Any CPU
		{95B07D12-5EB0-4EB1-A902-0DBDC152129D}.Debug|x86.ActiveCfg = Debug|Any CPU
		{95B07D12-5EB0-4EB1-A902-0DBDC152129D}.Debug|x86.Build.0 = Debug|Any CPU
		{95B07D12-5EB0-4EB1-A902-0DBDC152129D}.Release|Any CPU.ActiveCfg = Release|Any CPU
		{95B07D12-5EB0-4EB1-A902-0DBDC152129D}.Release|Any CPU.Build.0 = Release|Any CPU
		{95B07D12-5EB0-4EB1-A902-0DBDC152129D}.Release|x64.ActiveCfg = Release|Any CPU
		{95B07D12-5EB0-4EB1-A902-0DBDC152129D}.Release|x64.Build.0 = Release|Any CPU
		{95B07D12-5EB0-4EB1-A902-0DBDC152129D}.Release|x86.ActiveCfg = Release|Any CPU
		{95B07D12-5EB0-4EB1-A902-0DBDC152129D}.Release|x86.Build.0 = Release|Any CPU
		{3256C815-5812-43CC-AA39-F16C5232EDDE}.Debug|Any CPU.ActiveCfg = Debug|Any CPU
		{3256C815-5812-43CC-AA39-F16C5232EDDE}.Debug|Any CPU.Build.0 = Debug|Any CPU
		{3256C815-5812-43CC-AA39-F16C5232EDDE}.Debug|x64.ActiveCfg = Debug|Any CPU
		{3256C815-5812-43CC-AA39-F16C5232EDDE}.Debug|x64.Build.0 = Debug|Any CPU
		{3256C815-5812-43CC-AA39-F16C5232EDDE}.Debug|x86.ActiveCfg = Debug|Any CPU
		{3256C815-5812-43CC-AA39-F16C5232EDDE}.Debug|x86.Build.0 = Debug|Any CPU
		{3256C815-5812-43CC-AA39-F16C5232EDDE}.Release|Any CPU.ActiveCfg = Release|Any CPU
		{3256C815-5812-43CC-AA39-F16C5232EDDE}.Release|Any CPU.Build.0 = Release|Any CPU
		{3256C815-5812-43CC-AA39-F16C5232EDDE}.Release|x64.ActiveCfg = Release|Any CPU
		{3256C815-5812-43CC-AA39-F16C5232EDDE}.Release|x64.Build.0 = Release|Any CPU
		{3256C815-5812-43CC-AA39-F16C5232EDDE}.Release|x86.ActiveCfg = Release|Any CPU
		{3256C815-5812-43CC-AA39-F16C5232EDDE}.Release|x86.Build.0 = Release|Any CPU
	EndGlobalSection
	GlobalSection(NestedProjects) = preSolution
		{202979B7-177E-4596-9337-0382E0775234} = {06666BC3-8EF8-4BAE-8018-828C0B94818D}
		{95B07D12-5EB0-4EB1-A902-0DBDC152129D} = {06666BC3-8EF8-4BAE-8018-828C0B94818D}
		{3256C815-5812-43CC-AA39-F16C5232EDDE} = {06666BC3-8EF8-4BAE-8018-828C0B94818D}
	EndGlobalSection
EndGlobal
